
Microsoft Visual Studio Solution File, Format Version 12.00
Project("{FAE04EC0-301F-11D3-BF4B-00C04F79EFBC}") = "Timers", "Timers.csproj", "{E07F6A6A-A0C7-4644-898E-DC475FE517AA}"
EndProject
Global
	GlobalSection(SolutionConfigurationPlatforms) = preSolution
		HSM|Any CPU = HSM|Any CPU
		RUEI|Any CPU = RUEI|Any CPU
	EndGlobalSection
	GlobalSection(ProjectConfigurationPlatforms) = postSolution
		{E07F6A6A-A0C7-4644-898E-DC475FE517AA}.HSM|Any CPU.ActiveCfg = HSM|Any CPU
		{E07F6A6A-A0C7-4644-898E-DC475FE517AA}.HSM|Any CPU.Build.0 = HSM|Any CPU
		{E07F6A6A-A0C7-4644-898E-DC475FE517AA}.RUEI|Any CPU.ActiveCfg = RUEI|Any CPU
		{E07F6A6A-A0C7-4644-898E-DC475FE517AA}.RUEI|Any CPU.Build.0 = RUEI|Any CPU
	EndGlobalSection
EndGlobal
