
Microsoft Visual Studio Solution File, Format Version 12.00
Project("{FAE04EC0-301F-11D3-BF4B-00C04F79EFBC}") = "Timers", "Timers.csproj", "{E07F6A6A-A0C7-4644-898E-DC475FE517AA}"
EndProject
Global
	GlobalSection(SolutionConfigurationPlatforms) = preSolution
		EXILED-RUEI|Any CPU = EXILED-RUEI|Any CPU
		LabAPI-RUEI|Any CPU = LabAPI-RUEI|Any CPU
		EXILED-HSM|Any CPU = EXILED-HSM|Any CPU
		LabAPI-HSM|Any CPU = LabAPI-HSM|Any CPU
	EndGlobalSection
	GlobalSection(ProjectConfigurationPlatforms) = postSolution
		{E07F6A6A-A0C7-4644-898E-DC475FE517AA}.EXILED-RUEI|Any CPU.ActiveCfg = EXILED-RUEI|Any CPU
		{E07F6A6A-A0C7-4644-898E-DC475FE517AA}.EXILED-RUEI|Any CPU.Build.0 = EXILED-RUEI|Any CPU
		{E07F6A6A-A0C7-4644-898E-DC475FE517AA}.LabAPI-RUEI|Any CPU.ActiveCfg = LabAPI-RUEI|Any CPU
		{E07F6A6A-A0C7-4644-898E-DC475FE517AA}.LabAPI-RUEI|Any CPU.Build.0 = LabAPI-RUEI|Any CPU
		{E07F6A6A-A0C7-4644-898E-DC475FE517AA}.LabAPI-HSM|Any CPU.ActiveCfg = LabAPI-HSM|Any CPU
		{E07F6A6A-A0C7-4644-898E-DC475FE517AA}.LabAPI-HSM|Any CPU.Build.0 = LabAPI-HSM|Any CPU
		{E07F6A6A-A0C7-4644-898E-DC475FE517AA}.EXILED-HSM|Any CPU.ActiveCfg = EXILED-HSM|Any CPU
		{E07F6A6A-A0C7-4644-898E-DC475FE517AA}.EXILED-HSM|Any CPU.Build.0 = EXILED-HSM|Any CPU
	EndGlobalSection
EndGlobal
